
Microsoft Visual Studio Solution File, Format Version 12.00
# Visual Studio Version 17
VisualStudioVersion = 17.3.32825.248
MinimumVisualStudioVersion = 10.0.40219.1
Project("{9A19103F-16F7-4668-BE54-9A1E7A4F7556}") = "Linq_Joins", "Linq_Joins.csproj", "{E31DB385-1923-4DE3-A30E-1AD3F9619345}"
EndProject
Project("{FAE04EC0-301F-11D3-BF4B-00C04F79EFBC}") = "Employye_Db", "..\Employye_Db\Employye_Db.csproj", "{140ABB43-5590-458B-88DE-5F8EF4C54361}"
EndProject
Project("{FAE04EC0-301F-11D3-BF4B-00C04F79EFBC}") = "EMployeeLayer", "..\EMployeeLayer\EMployeeLayer.csproj", "{D4ED6CC1-CD9D-40D0-9D0E-B673EDC62C04}"
EndProject
Global
	GlobalSection(SolutionConfigurationPlatforms) = preSolution
		Debug|Any CPU = Debug|Any CPU
		Release|Any CPU = Release|Any CPU
	EndGlobalSection
	GlobalSection(ProjectConfigurationPlatforms) = postSolution
		{E31DB385-1923-4DE3-A30E-1AD3F9619345}.Debug|Any CPU.ActiveCfg = Debug|Any CPU
		{E31DB385-1923-4DE3-A30E-1AD3F9619345}.Debug|Any CPU.Build.0 = Debug|Any CPU
		{E31DB385-1923-4DE3-A30E-1AD3F9619345}.Release|Any CPU.ActiveCfg = Release|Any CPU
		{E31DB385-1923-4DE3-A30E-1AD3F9619345}.Release|Any CPU.Build.0 = Release|Any CPU
		{140ABB43-5590-458B-88DE-5F8EF4C54361}.Debug|Any CPU.ActiveCfg = Debug|Any CPU
		{140ABB43-5590-458B-88DE-5F8EF4C54361}.Debug|Any CPU.Build.0 = Debug|Any CPU
		{140ABB43-5590-458B-88DE-5F8EF4C54361}.Release|Any CPU.ActiveCfg = Release|Any CPU
		{140ABB43-5590-458B-88DE-5F8EF4C54361}.Release|Any CPU.Build.0 = Release|Any CPU
		{D4ED6CC1-CD9D-40D0-9D0E-B673EDC62C04}.Debug|Any CPU.ActiveCfg = Debug|Any CPU
		{D4ED6CC1-CD9D-40D0-9D0E-B673EDC62C04}.Debug|Any CPU.Build.0 = Debug|Any CPU
		{D4ED6CC1-CD9D-40D0-9D0E-B673EDC62C04}.Release|Any CPU.ActiveCfg = Release|Any CPU
		{D4ED6CC1-CD9D-40D0-9D0E-B673EDC62C04}.Release|Any CPU.Build.0 = Release|Any CPU
	EndGlobalSection
	GlobalSection(SolutionProperties) = preSolution
		HideSolutionNode = FALSE
	EndGlobalSection
	GlobalSection(ExtensibilityGlobals) = postSolution
		SolutionGuid = {0E1F1AFA-6E35-40F6-A71B-6660326D204E}
	EndGlobalSection
EndGlobal
